
Microsoft Visual Studio Solution File, Format Version 12.00
# Visual Studio Version 16
VisualStudioVersion = 16.0.31410.357
MinimumVisualStudioVersion = 10.0.40219.1
Project("{FAE04EC0-301F-11D3-BF4B-00C04F79EFBC}") = "SC4MM.ZipFileIntake.Tests", "UnitTests\SC4MM.ZipFileIntake.Tests.csproj", "{72B75139-20C7-4819-948E-3EC971D3D9FD}"
EndProject
Project("{FAE04EC0-301F-11D3-BF4B-00C04F79EFBC}") = "SC4MM.ZipFileIntake", "PluginExtractor\SC4MM.ZipFileIntake.csproj", "{FD93C49A-190D-4480-B183-889B4BE2DEF3}"
EndProject
Global
	GlobalSection(SolutionConfigurationPlatforms) = preSolution
		Debug|Any CPU = Debug|Any CPU
		Release|Any CPU = Release|Any CPU
	EndGlobalSection
	GlobalSection(ProjectConfigurationPlatforms) = postSolution
		{72B75139-20C7-4819-948E-3EC971D3D9FD}.Debug|Any CPU.ActiveCfg = Debug|Any CPU
		{72B75139-20C7-4819-948E-3EC971D3D9FD}.Debug|Any CPU.Build.0 = Debug|Any CPU
		{72B75139-20C7-4819-948E-3EC971D3D9FD}.Release|Any CPU.ActiveCfg = Release|Any CPU
		{72B75139-20C7-4819-948E-3EC971D3D9FD}.Release|Any CPU.Build.0 = Release|Any CPU
		{FD93C49A-190D-4480-B183-889B4BE2DEF3}.Debug|Any CPU.ActiveCfg = Debug|Any CPU
		{FD93C49A-190D-4480-B183-889B4BE2DEF3}.Debug|Any CPU.Build.0 = Debug|Any CPU
		{FD93C49A-190D-4480-B183-889B4BE2DEF3}.Release|Any CPU.ActiveCfg = Release|Any CPU
		{FD93C49A-190D-4480-B183-889B4BE2DEF3}.Release|Any CPU.Build.0 = Release|Any CPU
	EndGlobalSection
	GlobalSection(SolutionProperties) = preSolution
		HideSolutionNode = FALSE
	EndGlobalSection
	GlobalSection(ExtensibilityGlobals) = postSolution
		SolutionGuid = {B9591F1A-EE27-4B31-B335-764B0266AE68}
	EndGlobalSection
EndGlobal
